
Microsoft Visual Studio Solution File, Format Version 12.00
# Visual Studio Version 16
VisualStudioVersion = 16.0.29403.142
MinimumVisualStudioVersion = 10.0.40219.1
Project("{8BC9CEB8-8B4A-11D0-8D11-00A0C91BC942}") = "Лаба 9", "Лаба 9\Лаба 9.vcxproj", "{6616C31F-29A2-43A5-A942-7E7B0EC9288C}"
EndProject
Global
	GlobalSection(SolutionConfigurationPlatforms) = preSolution
		Debug|x64 = Debug|x64
		Debug|x86 = Debug|x86
		Release|x64 = Release|x64
		Release|x86 = Release|x86
	EndGlobalSection
	GlobalSection(ProjectConfigurationPlatforms) = postSolution
		{6616C31F-29A2-43A5-A942-7E7B0EC9288C}.Debug|x64.ActiveCfg = Debug|x64
		{6616C31F-29A2-43A5-A942-7E7B0EC9288C}.Debug|x64.Build.0 = Debug|x64
		{6616C31F-29A2-43A5-A942-7E7B0EC9288C}.Debug|x86.ActiveCfg = Debug|Win32
		{6616C31F-29A2-43A5-A942-7E7B0EC9288C}.Debug|x86.Build.0 = Debug|Win32
		{6616C31F-29A2-43A5-A942-7E7B0EC9288C}.Release|x64.ActiveCfg = Release|x64
		{6616C31F-29A2-43A5-A942-7E7B0EC9288C}.Release|x64.Build.0 = Release|x64
		{6616C31F-29A2-43A5-A942-7E7B0EC9288C}.Release|x86.ActiveCfg = Release|Win32
		{6616C31F-29A2-43A5-A942-7E7B0EC9288C}.Release|x86.Build.0 = Release|Win32
	EndGlobalSection
	GlobalSection(SolutionProperties) = preSolution
		HideSolutionNode = FALSE
	EndGlobalSection
	GlobalSection(ExtensibilityGlobals) = postSolution
		SolutionGuid = {D92E14F2-C0A4-42FC-9A04-6181C826D0AD}
	EndGlobalSection
EndGlobal
