
Microsoft Visual Studio Solution File, Format Version 12.00
# Visual Studio Version 16
VisualStudioVersion = 16.0.29403.142
MinimumVisualStudioVersion = 10.0.40219.1
Project("{8BC9CEB8-8B4A-11D0-8D11-00A0C91BC942}") = "Задача3,3", "Задача3,3\Задача3,3.vcxproj", "{83484418-A822-4D68-88D1-C61A6AEBCE74}"
EndProject
Global
	GlobalSection(SolutionConfigurationPlatforms) = preSolution
		Debug|x64 = Debug|x64
		Debug|x86 = Debug|x86
		Release|x64 = Release|x64
		Release|x86 = Release|x86
	EndGlobalSection
	GlobalSection(ProjectConfigurationPlatforms) = postSolution
		{83484418-A822-4D68-88D1-C61A6AEBCE74}.Debug|x64.ActiveCfg = Debug|x64
		{83484418-A822-4D68-88D1-C61A6AEBCE74}.Debug|x64.Build.0 = Debug|x64
		{83484418-A822-4D68-88D1-C61A6AEBCE74}.Debug|x86.ActiveCfg = Debug|Win32
		{83484418-A822-4D68-88D1-C61A6AEBCE74}.Debug|x86.Build.0 = Debug|Win32
		{83484418-A822-4D68-88D1-C61A6AEBCE74}.Release|x64.ActiveCfg = Release|x64
		{83484418-A822-4D68-88D1-C61A6AEBCE74}.Release|x64.Build.0 = Release|x64
		{83484418-A822-4D68-88D1-C61A6AEBCE74}.Release|x86.ActiveCfg = Release|Win32
		{83484418-A822-4D68-88D1-C61A6AEBCE74}.Release|x86.Build.0 = Release|Win32
	EndGlobalSection
	GlobalSection(SolutionProperties) = preSolution
		HideSolutionNode = FALSE
	EndGlobalSection
	GlobalSection(ExtensibilityGlobals) = postSolution
		SolutionGuid = {E7A8EC0C-5057-4166-9407-FE3F1E11C299}
	EndGlobalSection
EndGlobal
